
Microsoft Visual Studio Solution File, Format Version 12.00
# Visual Studio Version 17
VisualStudioVersion = 17.2.32526.322
MinimumVisualStudioVersion = 10.0.40219.1
Project("{9A19103F-16F7-4668-BE54-9A1E7A4F7556}") = "BaseRPG", "BaseRPG\BaseRPG.csproj", "{15284706-D388-4BC6-8636-BC9F94C838DA}"
EndProject
Project("{9A19103F-16F7-4668-BE54-9A1E7A4F7556}") = "BaseRPGTests", "BaseRPGTests\BaseRPGTests.csproj", "{0D0C9797-EB0D-4133-AA00-32121A7293DA}"
EndProject
Global
	GlobalSection(SolutionConfigurationPlatforms) = preSolution
		Debug|x64 = Debug|x64
		Release|x64 = Release|x64
	EndGlobalSection
	GlobalSection(ProjectConfigurationPlatforms) = postSolution
		{15284706-D388-4BC6-8636-BC9F94C838DA}.Debug|x64.ActiveCfg = Debug|x64
		{15284706-D388-4BC6-8636-BC9F94C838DA}.Debug|x64.Build.0 = Debug|x64
		{15284706-D388-4BC6-8636-BC9F94C838DA}.Debug|x64.Deploy.0 = Debug|x64
		{15284706-D388-4BC6-8636-BC9F94C838DA}.Release|x64.ActiveCfg = Release|x64
		{15284706-D388-4BC6-8636-BC9F94C838DA}.Release|x64.Build.0 = Release|x64
		{15284706-D388-4BC6-8636-BC9F94C838DA}.Release|x64.Deploy.0 = Release|x64
		{0D0C9797-EB0D-4133-AA00-32121A7293DA}.Debug|x64.ActiveCfg = Debug|x64
		{0D0C9797-EB0D-4133-AA00-32121A7293DA}.Release|x64.ActiveCfg = Release|x64
	EndGlobalSection
	GlobalSection(SolutionProperties) = preSolution
		HideSolutionNode = FALSE
	EndGlobalSection
	GlobalSection(ExtensibilityGlobals) = postSolution
		SolutionGuid = {E527EB32-1039-4C7B-A8CC-DFC5E955CA8F}
	EndGlobalSection
EndGlobal
